
Microsoft Visual Studio Solution File, Format Version 12.00
# Visual Studio Version 17
VisualStudioVersion = 17.6.33815.320
MinimumVisualStudioVersion = 10.0.40219.1
Project("{FAE04EC0-301F-11D3-BF4B-00C04F79EFBC}") = "Tiendaapi", "Tiendaapi.csproj", "{2C812891-9B97-4E5C-AD4F-6C004898F147}"
EndProject
Global
	GlobalSection(SolutionConfigurationPlatforms) = preSolution
		Debug|Any CPU = Debug|Any CPU
		Release|Any CPU = Release|Any CPU
	EndGlobalSection
	GlobalSection(ProjectConfigurationPlatforms) = postSolution
		{2C812891-9B97-4E5C-AD4F-6C004898F147}.Debug|Any CPU.ActiveCfg = Debug|Any CPU
		{2C812891-9B97-4E5C-AD4F-6C004898F147}.Debug|Any CPU.Build.0 = Debug|Any CPU
		{2C812891-9B97-4E5C-AD4F-6C004898F147}.Release|Any CPU.ActiveCfg = Release|Any CPU
		{2C812891-9B97-4E5C-AD4F-6C004898F147}.Release|Any CPU.Build.0 = Release|Any CPU
	EndGlobalSection
	GlobalSection(SolutionProperties) = preSolution
		HideSolutionNode = FALSE
	EndGlobalSection
	GlobalSection(ExtensibilityGlobals) = postSolution
		SolutionGuid = {B9FF483C-EE55-4E84-9C6D-2EEB908B8B7A}
	EndGlobalSection
EndGlobal
